
Microsoft Visual Studio Solution File, Format Version 12.00
# Visual Studio Version 16
VisualStudioVersion = 16.0.30413.136
MinimumVisualStudioVersion = 10.0.40219.1
Project("{FAE04EC0-301F-11D3-BF4B-00C04F79EFBC}") = "Tray Merge 2.0", "Tray Merge 2.0\Tray Merge 2.0.csproj", "{DC26713B-4171-4870-B256-213C5C0828C9}"
EndProject
Global
	GlobalSection(SolutionConfigurationPlatforms) = preSolution
		Debug|Any CPU = Debug|Any CPU
		Release|Any CPU = Release|Any CPU
	EndGlobalSection
	GlobalSection(ProjectConfigurationPlatforms) = postSolution
		{DC26713B-4171-4870-B256-213C5C0828C9}.Debug|Any CPU.ActiveCfg = Debug|Any CPU
		{DC26713B-4171-4870-B256-213C5C0828C9}.Debug|Any CPU.Build.0 = Debug|Any CPU
		{DC26713B-4171-4870-B256-213C5C0828C9}.Release|Any CPU.ActiveCfg = Release|Any CPU
		{DC26713B-4171-4870-B256-213C5C0828C9}.Release|Any CPU.Build.0 = Release|Any CPU
	EndGlobalSection
	GlobalSection(SolutionProperties) = preSolution
		HideSolutionNode = FALSE
	EndGlobalSection
	GlobalSection(ExtensibilityGlobals) = postSolution
		SolutionGuid = {2B7CDC6B-6B7E-4ABC-A105-67CCDC13B932}
	EndGlobalSection
EndGlobal
